{
  "requires": true,
  "lockfileVersion": 1,
  "dependencies": {
    "react-native-eva-icons": {
      "version": "1.3.1",
      "resolved": "https://registry.npmjs.org/react-native-eva-icons/-/react-native-eva-icons-1.3.1.tgz",
      "integrity": "sha512-emd/aYXuOacuDVTx0SJoLi+xsOdCNdljQB3PTNCM9AQ3m/smG0X1TN0+ihelPO7MqoHzaH0h6lbANtwxGUy8Fw=="
    }
  }
}
